{
  "version": "5",
  "specifiers": {
    "jsr:@core/unknownutil@^4.3.0": "4.3.0",
    "jsr:@cosense/types@~0.10.1": "0.10.10",
    "jsr:@luca/esbuild-deno-loader@0.11": "0.11.1",
    "jsr:@luca/esbuild-deno-loader@~0.10.3": "0.10.3",
    "jsr:@std/assert@^1.0.7": "1.0.18",
    "jsr:@std/assert@~0.213.1": "0.213.1",
    "jsr:@std/bytes@^1.0.2": "1.0.6",
    "jsr:@std/encoding@0.213": "0.213.1",
    "jsr:@std/encoding@^1.0.5": "1.0.10",
    "jsr:@std/internal@^1.0.12": "1.0.12",
    "jsr:@std/json@~0.213.1": "0.213.1",
    "jsr:@std/jsonc@0.213": "0.213.1",
    "jsr:@std/path@0.213": "0.213.1",
    "jsr:@std/path@1": "1.1.4",
    "jsr:@std/path@^1.0.6": "1.1.4",
    "jsr:@std/path@^1.0.8": "1.1.4",
    "jsr:@std/regexp@1": "1.0.1",
    "jsr:@std/semver@1": "1.0.8",
    "jsr:@takker/esbuild-wasm-no-blob@0.24": "0.24.0",
    "npm:date-fns@^4.1.0": "4.1.0",
    "npm:esbuild@0.24": "0.24.2",
    "npm:option-t@50": "50.0.2",
    "npm:preact@10": "10.27.2",
    "npm:preact@^10.24.3": "10.27.2"
  },
  "jsr": {
    "@core/unknownutil@4.3.0": {
      "integrity": "538a3687ffa81028e91d148818047df219663d0da671d906cecd165581ae55cc"
    },
    "@cosense/types@0.10.10": {
      "integrity": "16575916902f22a7d401edbd2305324cfcb378aa2bc39a4fef7ba81a1c84a0a1"
    },
    "@luca/esbuild-deno-loader@0.10.3": {
      "integrity": "32fc93f7e7f78060234fd5929a740668aab1c742b808c6048b57f9aaea514921",
      "dependencies": [
        "jsr:@std/encoding@0.213",
        "jsr:@std/jsonc",
        "jsr:@std/path@0.213"
      ]
    },
    "@luca/esbuild-deno-loader@0.11.1": {
      "integrity": "dc020d16d75b591f679f6b9288b10f38bdb4f24345edb2f5732affa1d9885267",
      "dependencies": [
        "jsr:@std/bytes",
        "jsr:@std/encoding@^1.0.5",
        "jsr:@std/path@^1.0.6"
      ]
    },
    "@std/assert@0.213.1": {
      "integrity": "24c28178b30c8e0782c18e8e94ea72b16282207569cdd10ffb9d1d26f2edebfe"
    },
    "@std/assert@1.0.18": {
      "integrity": "270245e9c2c13b446286de475131dc688ca9abcd94fc5db41d43a219b34d1c78",
      "dependencies": [
        "jsr:@std/internal"
      ]
    },
    "@std/bytes@1.0.6": {
      "integrity": "f6ac6adbd8ccd99314045f5703e23af0a68d7f7e58364b47d2c7f408aeb5820a"
    },
    "@std/encoding@0.213.1": {
      "integrity": "fcbb6928713dde941a18ca5db88ca1544d0755ec8fb20fe61e2dc8144b390c62"
    },
    "@std/encoding@1.0.10": {
      "integrity": "8783c6384a2d13abd5e9e87a7ae0520a30e9f56aeeaa3bdf910a3eaaf5c811a1"
    },
    "@std/internal@1.0.12": {
      "integrity": "972a634fd5bc34b242024402972cd5143eac68d8dffaca5eaa4dba30ce17b027"
    },
    "@std/json@0.213.1": {
      "integrity": "f572b1de605d07c4a5602445dac54bfc51b1fb87a3710a17aed2608bfca54e68"
    },
    "@std/jsonc@0.213.1": {
      "integrity": "5578f21aa583b7eb7317eed077ffcde47b294f1056bdbb9aacec407758637bfe",
      "dependencies": [
        "jsr:@std/assert@~0.213.1",
        "jsr:@std/json"
      ]
    },
    "@std/path@0.213.1": {
      "integrity": "f187bf278a172752e02fcbacf6bd78a335ed320d080a7ed3a5a59c3e88abc673",
      "dependencies": [
        "jsr:@std/assert@~0.213.1"
      ]
    },
    "@std/path@1.1.4": {
      "integrity": "1d2d43f39efb1b42f0b1882a25486647cb851481862dc7313390b2bb044314b5",
      "dependencies": [
        "jsr:@std/internal"
      ]
    },
    "@std/regexp@1.0.1": {
      "integrity": "5179d823465085c5480dafb44438466e83c424fadc61ba31f744050ecc0f596d"
    },
    "@std/semver@1.0.8": {
      "integrity": "dc830e8b8b6a380c895d53fbfd1258dc253704ca57bbe1629ac65fd7830179b7"
    },
    "@takker/esbuild-wasm-no-blob@0.24.0": {
      "integrity": "bd2759316cedf971addcea7cfba27dd7b0b66d28877fba6088ee2b3ea7799be6"
    }
  },
  "npm": {
    "@esbuild/aix-ppc64@0.24.2": {
      "integrity": "sha512-thpVCb/rhxE/BnMLQ7GReQLLN8q9qbHmI55F4489/ByVg2aQaQ6kbcLb6FHkocZzQhxc4gx0sCk0tJkKBFzDhA==",
      "os": ["aix"],
      "cpu": ["ppc64"]
    },
    "@esbuild/android-arm64@0.24.2": {
      "integrity": "sha512-cNLgeqCqV8WxfcTIOeL4OAtSmL8JjcN6m09XIgro1Wi7cF4t/THaWEa7eL5CMoMBdjoHOTh/vwTO/o2TRXIyzg==",
      "os": ["android"],
      "cpu": ["arm64"]
    },
    "@esbuild/android-arm@0.24.2": {
      "integrity": "sha512-tmwl4hJkCfNHwFB3nBa8z1Uy3ypZpxqxfTQOcHX+xRByyYgunVbZ9MzUUfb0RxaHIMnbHagwAxuTL+tnNM+1/Q==",
      "os": ["android"],
      "cpu": ["arm"]
    },
    "@esbuild/android-x64@0.24.2": {
      "integrity": "sha512-B6Q0YQDqMx9D7rvIcsXfmJfvUYLoP722bgfBlO5cGvNVb5V/+Y7nhBE3mHV9OpxBf4eAS2S68KZztiPaWq4XYw==",
      "os": ["android"],
      "cpu": ["x64"]
    },
    "@esbuild/darwin-arm64@0.24.2": {
      "integrity": "sha512-kj3AnYWc+CekmZnS5IPu9D+HWtUI49hbnyqk0FLEJDbzCIQt7hg7ucF1SQAilhtYpIujfaHr6O0UHlzzSPdOeA==",
      "os": ["darwin"],
      "cpu": ["arm64"]
    },
    "@esbuild/darwin-x64@0.24.2": {
      "integrity": "sha512-WeSrmwwHaPkNR5H3yYfowhZcbriGqooyu3zI/3GGpF8AyUdsrrP0X6KumITGA9WOyiJavnGZUwPGvxvwfWPHIA==",
      "os": ["darwin"],
      "cpu": ["x64"]
    },
    "@esbuild/freebsd-arm64@0.24.2": {
      "integrity": "sha512-UN8HXjtJ0k/Mj6a9+5u6+2eZ2ERD7Edt1Q9IZiB5UZAIdPnVKDoG7mdTVGhHJIeEml60JteamR3qhsr1r8gXvg==",
      "os": ["freebsd"],
      "cpu": ["arm64"]
    },
    "@esbuild/freebsd-x64@0.24.2": {
      "integrity": "sha512-TvW7wE/89PYW+IevEJXZ5sF6gJRDY/14hyIGFXdIucxCsbRmLUcjseQu1SyTko+2idmCw94TgyaEZi9HUSOe3Q==",
      "os": ["freebsd"],
      "cpu": ["x64"]
    },
    "@esbuild/linux-arm64@0.24.2": {
      "integrity": "sha512-7HnAD6074BW43YvvUmE/35Id9/NB7BeX5EoNkK9obndmZBUk8xmJJeU7DwmUeN7tkysslb2eSl6CTrYz6oEMQg==",
      "os": ["linux"],
      "cpu": ["arm64"]
    },
    "@esbuild/linux-arm@0.24.2": {
      "integrity": "sha512-n0WRM/gWIdU29J57hJyUdIsk0WarGd6To0s+Y+LwvlC55wt+GT/OgkwoXCXvIue1i1sSNWblHEig00GBWiJgfA==",
      "os": ["linux"],
      "cpu": ["arm"]
    },
    "@esbuild/linux-ia32@0.24.2": {
      "integrity": "sha512-sfv0tGPQhcZOgTKO3oBE9xpHuUqguHvSo4jl+wjnKwFpapx+vUDcawbwPNuBIAYdRAvIDBfZVvXprIj3HA+Ugw==",
      "os": ["linux"],
      "cpu": ["ia32"]
    },
    "@esbuild/linux-loong64@0.24.2": {
      "integrity": "sha512-CN9AZr8kEndGooS35ntToZLTQLHEjtVB5n7dl8ZcTZMonJ7CCfStrYhrzF97eAecqVbVJ7APOEe18RPI4KLhwQ==",
      "os": ["linux"],
      "cpu": ["loong64"]
    },
    "@esbuild/linux-mips64el@0.24.2": {
      "integrity": "sha512-iMkk7qr/wl3exJATwkISxI7kTcmHKE+BlymIAbHO8xanq/TjHaaVThFF6ipWzPHryoFsesNQJPE/3wFJw4+huw==",
      "os": ["linux"],
      "cpu": ["mips64el"]
    },
    "@esbuild/linux-ppc64@0.24.2": {
      "integrity": "sha512-shsVrgCZ57Vr2L8mm39kO5PPIb+843FStGt7sGGoqiiWYconSxwTiuswC1VJZLCjNiMLAMh34jg4VSEQb+iEbw==",
      "os": ["linux"],
      "cpu": ["ppc64"]
    },
    "@esbuild/linux-riscv64@0.24.2": {
      "integrity": "sha512-4eSFWnU9Hhd68fW16GD0TINewo1L6dRrB+oLNNbYyMUAeOD2yCK5KXGK1GH4qD/kT+bTEXjsyTCiJGHPZ3eM9Q==",
      "os": ["linux"],
      "cpu": ["riscv64"]
    },
    "@esbuild/linux-s390x@0.24.2": {
      "integrity": "sha512-S0Bh0A53b0YHL2XEXC20bHLuGMOhFDO6GN4b3YjRLK//Ep3ql3erpNcPlEFed93hsQAjAQDNsvcK+hV90FubSw==",
      "os": ["linux"],
      "cpu": ["s390x"]
    },
    "@esbuild/linux-x64@0.24.2": {
      "integrity": "sha512-8Qi4nQcCTbLnK9WoMjdC9NiTG6/E38RNICU6sUNqK0QFxCYgoARqVqxdFmWkdonVsvGqWhmm7MO0jyTqLqwj0Q==",
      "os": ["linux"],
      "cpu": ["x64"]
    },
    "@esbuild/netbsd-arm64@0.24.2": {
      "integrity": "sha512-wuLK/VztRRpMt9zyHSazyCVdCXlpHkKm34WUyinD2lzK07FAHTq0KQvZZlXikNWkDGoT6x3TD51jKQ7gMVpopw==",
      "os": ["netbsd"],
      "cpu": ["arm64"]
    },
    "@esbuild/netbsd-x64@0.24.2": {
      "integrity": "sha512-VefFaQUc4FMmJuAxmIHgUmfNiLXY438XrL4GDNV1Y1H/RW3qow68xTwjZKfj/+Plp9NANmzbH5R40Meudu8mmw==",
      "os": ["netbsd"],
      "cpu": ["x64"]
    },
    "@esbuild/openbsd-arm64@0.24.2": {
      "integrity": "sha512-YQbi46SBct6iKnszhSvdluqDmxCJA+Pu280Av9WICNwQmMxV7nLRHZfjQzwbPs3jeWnuAhE9Jy0NrnJ12Oz+0A==",
      "os": ["openbsd"],
      "cpu": ["arm64"]
    },
    "@esbuild/openbsd-x64@0.24.2": {
      "integrity": "sha512-+iDS6zpNM6EnJyWv0bMGLWSWeXGN/HTaF/LXHXHwejGsVi+ooqDfMCCTerNFxEkM3wYVcExkeGXNqshc9iMaOA==",
      "os": ["openbsd"],
      "cpu": ["x64"]
    },
    "@esbuild/sunos-x64@0.24.2": {
      "integrity": "sha512-hTdsW27jcktEvpwNHJU4ZwWFGkz2zRJUz8pvddmXPtXDzVKTTINmlmga3ZzwcuMpUvLw7JkLy9QLKyGpD2Yxig==",
      "os": ["sunos"],
      "cpu": ["x64"]
    },
    "@esbuild/win32-arm64@0.24.2": {
      "integrity": "sha512-LihEQ2BBKVFLOC9ZItT9iFprsE9tqjDjnbulhHoFxYQtQfai7qfluVODIYxt1PgdoyQkz23+01rzwNwYfutxUQ==",
      "os": ["win32"],
      "cpu": ["arm64"]
    },
    "@esbuild/win32-ia32@0.24.2": {
      "integrity": "sha512-q+iGUwfs8tncmFC9pcnD5IvRHAzmbwQ3GPS5/ceCyHdjXubwQWI12MKWSNSMYLJMq23/IUCvJMS76PDqXe1fxA==",
      "os": ["win32"],
      "cpu": ["ia32"]
    },
    "@esbuild/win32-x64@0.24.2": {
      "integrity": "sha512-7VTgWzgMGvup6aSqDPLiW5zHaxYJGTO4OokMjIlrCtf+VpEL+cXKtCvg723iguPYI5oaUNdS+/V7OU2gvXVWEg==",
      "os": ["win32"],
      "cpu": ["x64"]
    },
    "date-fns@4.1.0": {
      "integrity": "sha512-Ukq0owbQXxa/U3EGtsdVBkR1w7KOQ5gIBqdH2hkvknzZPYvBxb/aa6E8L7tmjFtkwZBu3UXBbjIgPo/Ez4xaNg=="
    },
    "esbuild@0.24.2": {
      "integrity": "sha512-+9egpBW8I3CD5XPe0n6BfT5fxLzxrlDzqydF3aviG+9ni1lDC/OvMHcxqEFV0+LANZG5R1bFMWfUrjVsdwxJvA==",
      "optionalDependencies": [
        "@esbuild/aix-ppc64",
        "@esbuild/android-arm",
        "@esbuild/android-arm64",
        "@esbuild/android-x64",
        "@esbuild/darwin-arm64",
        "@esbuild/darwin-x64",
        "@esbuild/freebsd-arm64",
        "@esbuild/freebsd-x64",
        "@esbuild/linux-arm",
        "@esbuild/linux-arm64",
        "@esbuild/linux-ia32",
        "@esbuild/linux-loong64",
        "@esbuild/linux-mips64el",
        "@esbuild/linux-ppc64",
        "@esbuild/linux-riscv64",
        "@esbuild/linux-s390x",
        "@esbuild/linux-x64",
        "@esbuild/netbsd-arm64",
        "@esbuild/netbsd-x64",
        "@esbuild/openbsd-arm64",
        "@esbuild/openbsd-x64",
        "@esbuild/sunos-x64",
        "@esbuild/win32-arm64",
        "@esbuild/win32-ia32",
        "@esbuild/win32-x64"
      ],
      "scripts": true,
      "bin": true
    },
    "option-t@50.0.2": {
      "integrity": "sha512-tIGimxb003CDEqu7f+SJtDDVK5LKAlbLt7q5tW5vFMiBb7QXqESXhgmP5bF+BUnShOKRTBfI/PHZBv7I+NHlig=="
    },
    "preact@10.27.2": {
      "integrity": "sha512-5SYSgFKSyhCbk6SrXyMpqjb5+MQBgfvEKE/OC+PujcY34sOpqtr+0AZQtPYx5IA6VxynQ7rUPCtKzyovpj9Bpg=="
    }
  },
  "remote": {
    "https://raw.githubusercontent.com/takker99/ScrapJupyter/v1.7.2/toDataURL.ts": "f23082405390534da95b7858c9536d2920ec2a1e479d56886e9bd5fe7ea05250",
    "https://raw.githubusercontent.com/takker99/ScrapJupyter/v1.7.5/deps/deno-mock.js": "bfb36f7cec1c054868de958cc7cd4e324ae698f59c7cd59c0fe930011b7a7ffb",
    "https://raw.githubusercontent.com/takker99/ScrapJupyter/v1.7.5/deps/esbuild-wasm.ts": "ecd59936dc862b91af2d6a1a88c7c170df7da9bafabb841251078732d93aee67",
    "https://raw.githubusercontent.com/takker99/ScrapJupyter/v1.7.5/deps/esbuild_deno_loader.ts": "d8a10701b0ea68b230b646ec8c0f7ddad923bb2e4783e48bafa173a1da2db94c",
    "https://raw.githubusercontent.com/takker99/ScrapJupyter/v1.7.5/deps/option-t.ts": "0ce996eb5091ed894c29132dcb29f90e9edde0a6e3dcae7018e7a0f3c81b3166",
    "https://raw.githubusercontent.com/takker99/ScrapJupyter/v1.7.5/deps/path.ts": "63e625d44302c54c7a0f5fd1e3e60e20f347651f085c1dc65cff38c7aa478053",
    "https://raw.githubusercontent.com/takker99/ScrapJupyter/v1.7.5/deps/semver.ts": "99d70a8634e578b5ea26785e81cc5644199f020c935966d89ab84bf5a45310a0",
    "https://raw.githubusercontent.com/takker99/ScrapJupyter/v1.7.5/esbuildResolution.ts": "33290f358110a3f0eef1edd9f5b77ba8d62976b5aefa78cb27c5f77ab9f2ddf6",
    "https://raw.githubusercontent.com/takker99/ScrapJupyter/v1.7.5/extractSourceMapURL.ts": "3d98159c39bca1f97f1bc5c7dddd52d5b621318e31448e42820e1517bceabb70",
    "https://raw.githubusercontent.com/takker99/ScrapJupyter/v1.7.5/getJsrPackageMetadata.ts": "ef1faa607fd529fedbea86d28ea36ad4dfe3a6f6bd21a0b26caa287933806940",
    "https://raw.githubusercontent.com/takker99/ScrapJupyter/v1.7.5/getJsrPackageVersionMetadata.ts": "69d2c59a50979954957b13d3c9d787230990a657767b779647c0b8e7ad01a8bb",
    "https://raw.githubusercontent.com/takker99/ScrapJupyter/v1.7.5/getNpmPackageMetadata.ts": "5d09ad804eb45e8ed7f2e0477cf929d3e0022adbe4d65cea8d78892f61c0355f",
    "https://raw.githubusercontent.com/takker99/ScrapJupyter/v1.7.5/loader.ts": "024361291bfb7d9ee32eacfc1f44f27532835efd010b5bb416f860bf88fa020f",
    "https://raw.githubusercontent.com/takker99/ScrapJupyter/v1.7.5/remoteLoader.ts": "7a5cb840cabc698bf4b5b1c65b4052b8d91b7a180c8f8104c0a96d520b1f7cdb",
    "https://raw.githubusercontent.com/takker99/ScrapJupyter/v1.7.5/resolve.ts": "c9299e3e599000ae78365825ef12b4882e37873686e9b62e0043738a9304a2a1",
    "https://raw.githubusercontent.com/takker99/ScrapJupyter/v1.7.5/robustFetch.ts": "755af9fd86af5d07926ba87342c20bba651deedec65ebe044812b3f6de1df8b0",
    "https://raw.githubusercontent.com/takker99/ScrapJupyter/v1.7.5/specifiers.ts": "0539ee44f203b2d4b2f47d380fcbce92a35cf16eaecb6d05097478b378e9cbeb",
    "https://raw.githubusercontent.com/takker99/ScrapJupyter/v1.7.5/toDataURL.ts": "f23082405390534da95b7858c9536d2920ec2a1e479d56886e9bd5fe7ea05250"
  },
  "workspace": {
    "dependencies": [
      "jsr:@core/unknownutil@^4.3.0",
      "jsr:@cosense/types@~0.10.1",
      "jsr:@luca/esbuild-deno-loader@~0.10.3",
      "jsr:@std/assert@^1.0.7",
      "jsr:@std/bytes@^1.0.3",
      "jsr:@std/path@^1.0.8",
      "jsr:@std/regexp@1",
      "jsr:@takker/esbuild-wasm-no-blob@0.24",
      "npm:date-fns@^4.1.0",
      "npm:esbuild@0.24",
      "npm:option-t@50",
      "npm:preact@10",
      "npm:preact@^10.24.3"
    ]
  }
}
